Microsoft Visual Studio Solution File, Format Version 11.00
# Visual Studio 2008

Project("{8A8841C5-2B5E-9151-0FF2-660295862C1C}") = "6-SpatialSound-Completed", "Assembly-CSharp.csproj", "{0C617855-E72A-28B5-65C2-6B24428B5463}"
EndProject
Global
	GlobalSection(SolutionConfigurationPlatforms) = preSolution
		Debug|Any CPU = Debug|Any CPU
		Release|Any CPU = Release|Any CPU
	EndGlobalSection
	GlobalSection(ProjectConfigurationPlatforms) = postSolution
		{0C617855-E72A-28B5-65C2-6B24428B5463}.Debug|Any CPU.ActiveCfg = Debug|Any CPU
		{0C617855-E72A-28B5-65C2-6B24428B5463}.Debug|Any CPU.Build.0 = Debug|Any CPU
		{0C617855-E72A-28B5-65C2-6B24428B5463}.Release|Any CPU.ActiveCfg = Release|Any CPU
		{0C617855-E72A-28B5-65C2-6B24428B5463}.Release|Any CPU.Build.0 = Release|Any CPU
	EndGlobalSection
	GlobalSection(SolutionProperties) = preSolution
		HideSolutionNode = FALSE
	EndGlobalSection
	GlobalSection(MonoDevelopProperties) = preSolution
		StartupItem = Assembly-CSharp.csproj
	EndGlobalSection
EndGlobal
